
Microsoft Visual Studio Solution File, Format Version 12.00
# Visual Studio Version 16
VisualStudioVersion = 16.0.31025.194
MinimumVisualStudioVersion = 10.0.40219.1
Project("{FAE04EC0-301F-11D3-BF4B-00C04F79EFBC}") = "TestePing", "TestePing\TestePing.csproj", "{65339AC4-02AF-401B-A9FD-EF57FE1D9C3D}"
EndProject
Global
	GlobalSection(SolutionConfigurationPlatforms) = preSolution
		Debug|Any CPU = Debug|Any CPU
		Release|Any CPU = Release|Any CPU
	EndGlobalSection
	GlobalSection(ProjectConfigurationPlatforms) = postSolution
		{65339AC4-02AF-401B-A9FD-EF57FE1D9C3D}.Debug|Any CPU.ActiveCfg = Debug|Any CPU
		{65339AC4-02AF-401B-A9FD-EF57FE1D9C3D}.Debug|Any CPU.Build.0 = Debug|Any CPU
		{65339AC4-02AF-401B-A9FD-EF57FE1D9C3D}.Release|Any CPU.ActiveCfg = Release|Any CPU
		{65339AC4-02AF-401B-A9FD-EF57FE1D9C3D}.Release|Any CPU.Build.0 = Release|Any CPU
	EndGlobalSection
	GlobalSection(SolutionProperties) = preSolution
		HideSolutionNode = FALSE
	EndGlobalSection
	GlobalSection(ExtensibilityGlobals) = postSolution
		SolutionGuid = {E84F1B40-5F04-4C1C-8B54-E29E0FFB6237}
	EndGlobalSection
EndGlobal
